
Microsoft Visual Studio Solution File, Format Version 12.00
# Visual Studio Version 17
VisualStudioVersion = 17.7.34031.279
MinimumVisualStudioVersion = 10.0.40219.1
Project("{FAE04EC0-301F-11D3-BF4B-00C04F79EFBC}") = "AquaWP", "AquaWP\AquaWP.csproj", "{B2043D41-CAB2-4718-ACE7-351E69062A7D}"
EndProject
Global
	GlobalSection(SolutionConfigurationPlatforms) = preSolution
		Debug|Any CPU = Debug|Any CPU
		Release|Any CPU = Release|Any CPU
	EndGlobalSection
	GlobalSection(ProjectConfigurationPlatforms) = postSolution
		{B2043D41-CAB2-4718-ACE7-351E69062A7D}.Debug|Any CPU.ActiveCfg = Debug|Any CPU
		{B2043D41-CAB2-4718-ACE7-351E69062A7D}.Debug|Any CPU.Build.0 = Debug|Any CPU
		{B2043D41-CAB2-4718-ACE7-351E69062A7D}.Release|Any CPU.ActiveCfg = Release|Any CPU
		{B2043D41-CAB2-4718-ACE7-351E69062A7D}.Release|Any CPU.Build.0 = Release|Any CPU
	EndGlobalSection
	GlobalSection(SolutionProperties) = preSolution
		HideSolutionNode = FALSE
	EndGlobalSection
	GlobalSection(ExtensibilityGlobals) = postSolution
		SolutionGuid = {3F3A7B39-EBBA-46B6-BF1E-8C8E8220001D}
	EndGlobalSection
EndGlobal
